
Microsoft Visual Studio Solution File, Format Version 12.00
# Visual Studio Version 16
VisualStudioVersion = 16.0.31515.178
MinimumVisualStudioVersion = 10.0.40219.1
Project("{FAE04EC0-301F-11D3-BF4B-00C04F79EFBC}") = "InterfacesExample1", "InterdacesExample1\InterfacesExample1.csproj", "{E56952E3-A237-4F2B-B1D7-F7C8A7B37AE9}"
EndProject
Global
	GlobalSection(SolutionConfigurationPlatforms) = preSolution
		Debug|Any CPU = Debug|Any CPU
		Release|Any CPU = Release|Any CPU
	EndGlobalSection
	GlobalSection(ProjectConfigurationPlatforms) = postSolution
		{E56952E3-A237-4F2B-B1D7-F7C8A7B37AE9}.Debug|Any CPU.ActiveCfg = Debug|Any CPU
		{E56952E3-A237-4F2B-B1D7-F7C8A7B37AE9}.Debug|Any CPU.Build.0 = Debug|Any CPU
		{E56952E3-A237-4F2B-B1D7-F7C8A7B37AE9}.Release|Any CPU.ActiveCfg = Release|Any CPU
		{E56952E3-A237-4F2B-B1D7-F7C8A7B37AE9}.Release|Any CPU.Build.0 = Release|Any CPU
	EndGlobalSection
	GlobalSection(SolutionProperties) = preSolution
		HideSolutionNode = FALSE
	EndGlobalSection
	GlobalSection(ExtensibilityGlobals) = postSolution
		SolutionGuid = {CA76B436-F873-4012-B1AA-FCB864378BB9}
	EndGlobalSection
EndGlobal
